
Microsoft Visual Studio Solution File, Format Version 12.00
# Visual Studio Version 17
VisualStudioVersion = 17.14.36203.30
MinimumVisualStudioVersion = 10.0.40219.1
Project("{FAE04EC0-301F-11D3-BF4B-00C04F79EFBC}") = "GiSanParkGolf", "GiSanParkGolf\GiSanParkGolf.csproj", "{B0C143BB-FF53-4F6B-928D-211C60DE4837}"
EndProject
Project("{FAE04EC0-301F-11D3-BF4B-00C04F79EFBC}") = "T-Engine", "T-Engine\T-Engine.csproj", "{4465CFD0-13BE-4BE2-B8DB-A685B9C8B022}"
EndProject
Project("{FAE04EC0-301F-11D3-BF4B-00C04F79EFBC}") = "Dul", "Dul\Dul.csproj", "{6F97AA47-27BA-488F-908B-FB7084756B80}"
EndProject
Project("{FAE04EC0-301F-11D3-BF4B-00C04F79EFBC}") = "GisanParkGolf_Core", "GisanParkGolf_V1.0\GisanParkGolf_Core.csproj", "{EB443AAB-A6F5-4339-844C-61BC6CE03102}"
EndProject
Global
	GlobalSection(SolutionConfigurationPlatforms) = preSolution
		Debug|Any CPU = Debug|Any CPU
		Release|Any CPU = Release|Any CPU
	EndGlobalSection
	GlobalSection(ProjectConfigurationPlatforms) = postSolution
		{B0C143BB-FF53-4F6B-928D-211C60DE4837}.Debug|Any CPU.ActiveCfg = Debug|Any CPU
		{B0C143BB-FF53-4F6B-928D-211C60DE4837}.Debug|Any CPU.Build.0 = Debug|Any CPU
		{B0C143BB-FF53-4F6B-928D-211C60DE4837}.Release|Any CPU.ActiveCfg = Release|Any CPU
		{B0C143BB-FF53-4F6B-928D-211C60DE4837}.Release|Any CPU.Build.0 = Release|Any CPU
		{4465CFD0-13BE-4BE2-B8DB-A685B9C8B022}.Debug|Any CPU.ActiveCfg = Debug|Any CPU
		{4465CFD0-13BE-4BE2-B8DB-A685B9C8B022}.Debug|Any CPU.Build.0 = Debug|Any CPU
		{4465CFD0-13BE-4BE2-B8DB-A685B9C8B022}.Release|Any CPU.ActiveCfg = Release|Any CPU
		{4465CFD0-13BE-4BE2-B8DB-A685B9C8B022}.Release|Any CPU.Build.0 = Release|Any CPU
		{6F97AA47-27BA-488F-908B-FB7084756B80}.Debug|Any CPU.ActiveCfg = Debug|Any CPU
		{6F97AA47-27BA-488F-908B-FB7084756B80}.Debug|Any CPU.Build.0 = Debug|Any CPU
		{6F97AA47-27BA-488F-908B-FB7084756B80}.Release|Any CPU.ActiveCfg = Release|Any CPU
		{6F97AA47-27BA-488F-908B-FB7084756B80}.Release|Any CPU.Build.0 = Release|Any CPU
		{EB443AAB-A6F5-4339-844C-61BC6CE03102}.Debug|Any CPU.ActiveCfg = Debug|Any CPU
		{EB443AAB-A6F5-4339-844C-61BC6CE03102}.Debug|Any CPU.Build.0 = Debug|Any CPU
		{EB443AAB-A6F5-4339-844C-61BC6CE03102}.Release|Any CPU.ActiveCfg = Release|Any CPU
		{EB443AAB-A6F5-4339-844C-61BC6CE03102}.Release|Any CPU.Build.0 = Release|Any CPU
	EndGlobalSection
	GlobalSection(SolutionProperties) = preSolution
		HideSolutionNode = FALSE
	EndGlobalSection
	GlobalSection(ExtensibilityGlobals) = postSolution
		SolutionGuid = {ED1785B8-60C5-403F-BD98-4296916F3A01}
	EndGlobalSection
EndGlobal
